// !$*UTF8*$!
{
	archiveVersion = 1;
	classes = {
	};
	objectVersion = 55;
	objects = {

/* Begin PBXBuildFile section */
		CD0216C226706EEA00B2D17C /* AsyncAwaitService.swift in Sources */ = {isa = PBXBuildFile; fileRef = CD0216C126706EEA00B2D17C /* AsyncAwaitService.swift */; };
		CD3CC8F0266FABAA001ABF53 /* User.swift in Sources */ = {isa = PBXBuildFile; fileRef = CD3CC8EF266FABAA001ABF53 /* User.swift */; };
		CD3CC8F3266FAC46001ABF53 /* WebService.swift in Sources */ = {isa = PBXBuildFile; fileRef = CD3CC8F2266FAC46001ABF53 /* WebService.swift */; };
		CD3CC8F5266FAD0E001ABF53 /* UserView.swift in Sources */ = {isa = PBXBuildFile; fileRef = CD3CC8F4266FAD0E001ABF53 /* UserView.swift */; };
		CD3CC8F7266FADB7001ABF53 /* UserViewModel.swift in Sources */ = {isa = PBXBuildFile; fileRef = CD3CC8F6266FADB7001ABF53 /* UserViewModel.swift */; };
		CD4DEE54266F39E1007B9624 /* FirstAppApp.swift in Sources */ = {isa = PBXBuildFile; fileRef = CD4DEE53266F39E1007B9624 /* FirstAppApp.swift */; };
		CD4DEE56266F39E1007B9624 /* ContentView.swift in Sources */ = {isa = PBXBuildFile; fileRef = CD4DEE55266F39E1007B9624 /* ContentView.swift */; };
		CD4DEE58266F39E4007B9624 /* Assets.xcassets in Resources */ = {isa = PBXBuildFile; fileRef = CD4DEE57266F39E4007B9624 /* Assets.xcassets */; };
		CD4DEE5B266F39E4007B9624 /* Preview Assets.xcassets in Resources */ = {isa = PBXBuildFile; fileRef = CD4DEE5A266F39E4007B9624 /* Preview Assets.xcassets */; };
/* End PBXBuildFile section */

/* Begin PBXFileReference section */
		CD0216C02670634E00B2D17C /* Info.plist */ = {isa = PBXFileReference; lastKnownFileType = text.plist; path = Info.plist; sourceTree = "<group>"; };
		CD0216C126706EEA00B2D17C /* AsyncAwaitService.swift */ = {isa = PBXFileReference; lastKnownFileType = sourcecode.swift; path = AsyncAwaitService.swift; sourceTree = "<group>"; };
		CD3CC8EF266FABAA001ABF53 /* User.swift */ = {isa = PBXFileReference; lastKnownFileType = sourcecode.swift; path = User.swift; sourceTree = "<group>"; };
		CD3CC8F2266FAC46001ABF53 /* WebService.swift */ = {isa = PBXFileReference; lastKnownFileType = sourcecode.swift; path = WebService.swift; sourceTree = "<group>"; };
		CD3CC8F4266FAD0E001ABF53 /* UserView.swift */ = {isa = PBXFileReference; lastKnownFileType = sourcecode.swift; path = UserView.swift; sourceTree = "<group>"; };
		CD3CC8F6266FADB7001ABF53 /* UserViewModel.swift */ = {isa = PBXFileReference; lastKnownFileType = sourcecode.swift; path = UserViewModel.swift; sourceTree = "<group>"; };
		CD4DEE50266F39E1007B9624 /* FirstApp.app */ = {isa = PBXFileReference; explicitFileType = wrapper.application; includeInIndex = 0; path = FirstApp.app; sourceTree = BUILT_PRODUCTS_DIR; };
		CD4DEE53266F39E1007B9624 /* FirstAppApp.swift */ = {isa = PBXFileReference; lastKnownFileType = sourcecode.swift; path = FirstAppApp.swift; sourceTree = "<group>"; };
		CD4DEE55266F39E1007B9624 /* ContentView.swift */ = {isa = PBXFileReference; lastKnownFileType = sourcecode.swift; path = ContentView.swift; sourceTree = "<group>"; };
		CD4DEE57266F39E4007B9624 /* Assets.xcassets */ = {isa = PBXFileReference; lastKnownFileType = folder.assetcatalog; path = Assets.xcassets; sourceTree = "<group>"; };
		CD4DEE5A266F39E4007B9624 /* Preview Assets.xcassets */ = {isa = PBXFileReference; lastKnownFileType = folder.assetcatalog; path = "Preview Assets.xcassets"; sourceTree = "<group>"; };
/* End PBXFileReference section */

/* Begin PBXFrameworksBuildPhase section */
		CD4DEE4D266F39E1007B9624 /* Frameworks */ = {
			isa = PBXFrameworksBuildPhase;
			buildActionMask = 2147483647;
			files = (
			);
			runOnlyForDeploymentPostprocessing = 0;
		};
/* End PBXFrameworksBuildPhase section */

/* Begin PBXGroup section */
		CD3CC8EB266FAAC3001ABF53 /* PullToRefresh */ = {
			isa = PBXGroup;
			children = (
				CD3CC8EE266FAB71001ABF53 /* Views */,
				CD3CC8ED266FAB67001ABF53 /* ViewModels */,
				CD3CC8F1266FAC2B001ABF53 /* Services */,
				CD3CC8EC266FAB5F001ABF53 /* Models */,
			);
			path = PullToRefresh;
			sourceTree = "<group>";
		};
		CD3CC8EC266FAB5F001ABF53 /* Models */ = {
			isa = PBXGroup;
			children = (
				CD3CC8EF266FABAA001ABF53 /* User.swift */,
			);
			path = Models;
			sourceTree = "<group>";
		};
		CD3CC8ED266FAB67001ABF53 /* ViewModels */ = {
			isa = PBXGroup;
			children = (
				CD3CC8F6266FADB7001ABF53 /* UserViewModel.swift */,
			);
			path = ViewModels;
			sourceTree = "<group>";
		};
		CD3CC8EE266FAB71001ABF53 /* Views */ = {
			isa = PBXGroup;
			children = (
				CD3CC8F4266FAD0E001ABF53 /* UserView.swift */,
			);
			path = Views;
			sourceTree = "<group>";
		};
		CD3CC8F1266FAC2B001ABF53 /* Services */ = {
			isa = PBXGroup;
			children = (
				CD3CC8F2266FAC46001ABF53 /* WebService.swift */,
				CD0216C126706EEA00B2D17C /* AsyncAwaitService.swift */,
			);
			path = Services;
			sourceTree = "<group>";
		};
		CD4DEE47266F39E1007B9624 = {
			isa = PBXGroup;
			children = (
				CD4DEE52266F39E1007B9624 /* FirstApp */,
				CD4DEE51266F39E1007B9624 /* Products */,
			);
			sourceTree = "<group>";
		};
		CD4DEE51266F39E1007B9624 /* Products */ = {
			isa = PBXGroup;
			children = (
				CD4DEE50266F39E1007B9624 /* FirstApp.app */,
			);
			name = Products;
			sourceTree = "<group>";
		};
		CD4DEE52266F39E1007B9624 /* FirstApp */ = {
			isa = PBXGroup;
			children = (
				CD0216C02670634E00B2D17C /* Info.plist */,
				CD4DEE53266F39E1007B9624 /* FirstAppApp.swift */,
				CD4DEE55266F39E1007B9624 /* ContentView.swift */,
				CD4DEE57266F39E4007B9624 /* Assets.xcassets */,
				CD4DEE59266F39E4007B9624 /* Preview Content */,
				CD3CC8EB266FAAC3001ABF53 /* PullToRefresh */,
			);
			path = FirstApp;
			sourceTree = "<group>";
		};
		CD4DEE59266F39E4007B9624 /* Preview Content */ = {
			isa = PBXGroup;
			children = (
				CD4DEE5A266F39E4007B9624 /* Preview Assets.xcassets */,
			);
			path = "Preview Content";
			sourceTree = "<group>";
		};
/* End PBXGroup section */

/* Begin PBXNativeTarget section */
		CD4DEE4F266F39E1007B9624 /* FirstApp */ = {
			isa = PBXNativeTarget;
			buildConfigurationList = CD4DEE5E266F39E4007B9624 /* Build configuration list for PBXNativeTarget "FirstApp" */;
			buildPhases = (
				CD4DEE4C266F39E1007B9624 /* Sources */,
				CD4DEE4D266F39E1007B9624 /* Frameworks */,
				CD4DEE4E266F39E1007B9624 /* Resources */,
			);
			buildRules = (
			);
			dependencies = (
			);
			name = FirstApp;
			productName = FirstApp;
			productReference = CD4DEE50266F39E1007B9624 /* FirstApp.app */;
			productType = "com.apple.product-type.application";
		};
/* End PBXNativeTarget section */

/* Begin PBXProject section */
		CD4DEE48266F39E1007B9624 /* Project object */ = {
			isa = PBXProject;
			attributes = {
				BuildIndependentTargetsInParallel = 1;
				LastSwiftUpdateCheck = 1300;
				LastUpgradeCheck = 1300;
				TargetAttributes = {
					CD4DEE4F266F39E1007B9624 = {
						CreatedOnToolsVersion = 13.0;
					};
				};
			};
			buildConfigurationList = CD4DEE4B266F39E1007B9624 /* Build configuration list for PBXProject "FirstApp" */;
			compatibilityVersion = "Xcode 13.0";
			developmentRegion = en;
			hasScannedForEncodings = 0;
			knownRegions = (
				en,
				Base,
			);
			mainGroup = CD4DEE47266F39E1007B9624;
			productRefGroup = CD4DEE51266F39E1007B9624 /* Products */;
			projectDirPath = "";
			projectRoot = "";
			targets = (
				CD4DEE4F266F39E1007B9624 /* FirstApp */,
			);
		};
/* End PBXProject section */

/* Begin PBXResourcesBuildPhase section */
		CD4DEE4E266F39E1007B9624 /* Resources */ = {
			isa = PBXResourcesBuildPhase;
			buildActionMask = 2147483647;
			files = (
				CD4DEE5B266F39E4007B9624 /* Preview Assets.xcassets in Resources */,
				CD4DEE58266F39E4007B9624 /* Assets.xcassets in Resources */,
			);
			runOnlyForDeploymentPostprocessing = 0;
		};
/* End PBXResourcesBuildPhase section */

/* Begin PBXSourcesBuildPhase section */
		CD4DEE4C266F39E1007B9624 /* Sources */ = {
			isa = PBXSourcesBuildPhase;
			buildActionMask = 2147483647;
			files = (
				CD0216C226706EEA00B2D17C /* AsyncAwaitService.swift in Sources */,
				CD4DEE56266F39E1007B9624 /* ContentView.swift in Sources */,
				CD3CC8F7266FADB7001ABF53 /* UserViewModel.swift in Sources */,
				CD3CC8F5266FAD0E001ABF53 /* UserView.swift in Sources */,
				CD3CC8F3266FAC46001ABF53 /* WebService.swift in Sources */,
				CD4DEE54266F39E1007B9624 /* FirstAppApp.swift in Sources */,
				CD3CC8F0266FABAA001ABF53 /* User.swift in Sources */,
			);
			runOnlyForDeploymentPostprocessing = 0;
		};
/* End PBXSourcesBuildPhase section */

/* Begin XCBuildConfiguration section */
		CD4DEE5C266F39E4007B9624 /* Debug */ = {
			isa = XCBuildConfiguration;
			buildSettings = {
				ALWAYS_SEARCH_USER_PATHS = NO;
				CLANG_ANALYZER_NONNULL = YES;
				CLANG_ANALYZER_NUMBER_OBJECT_CONVERSION = YES_AGGRESSIVE;
				CLANG_CXX_LANGUAGE_STANDARD = "gnu++14";
				CLANG_CXX_LIBRARY = "libc++";
				CLANG_ENABLE_MODULES = YES;
				CLANG_ENABLE_OBJC_ARC = YES;
				CLANG_ENABLE_OBJC_WEAK = YES;
				CLANG_WARN_BLOCK_CAPTURE_AUTORELEASING = YES;
				CLANG_WARN_BOOL_CONVERSION = YES;
				CLANG_WARN_COMMA = YES;
				CLANG_WARN_CONSTANT_CONVERSION = YES;
				CLANG_WARN_DEPRECATED_OBJC_IMPLEMENTATIONS = YES;
				CLANG_WARN_DIRECT_OBJC_ISA_USAGE = YES_ERROR;
				CLANG_WARN_DOCUMENTATION_COMMENTS = YES;
				CLANG_WARN_EMPTY_BODY = YES;
				CLANG_WARN_ENUM_CONVERSION = YES;
				CLANG_WARN_INFINITE_RECURSION = YES;
				CLANG_WARN_INT_CONVERSION = YES;
				CLANG_WARN_NON_LITERAL_NULL_CONVERSION = YES;
				CLANG_WARN_OBJC_IMPLICIT_RETAIN_SELF = YES;
				CLANG_WARN_OBJC_LITERAL_CONVERSION = YES;
				CLANG_WARN_OBJC_ROOT_CLASS = YES_ERROR;
				CLANG_WARN_QUOTED_INCLUDE_IN_FRAMEWORK_HEADER = YES;
				CLANG_WARN_RANGE_LOOP_ANALYSIS = YES;
				CLANG_WARN_STRICT_PROTOTYPES = YES;
				CLANG_WARN_SUSPICIOUS_MOVE = YES;
				CLANG_WARN_UNGUARDED_AVAILABILITY = YES_AGGRESSIVE;
				CLANG_WARN_UNREACHABLE_CODE = YES;
				CLANG_WARN__DUPLICATE_METHOD_MATCH = YES;
				COPY_PHASE_STRIP = NO;
				DEBUG_INFORMATION_FORMAT = dwarf;
				ENABLE_STRICT_OBJC_MSGSEND = YES;
				ENABLE_TESTABILITY = YES;
				GCC_C_LANGUAGE_STANDARD = gnu11;
				GCC_DYNAMIC_NO_PIC = NO;
				GCC_NO_COMMON_BLOCKS = YES;
				GCC_OPTIMIZATION_LEVEL = 0;
				GCC_PREPROCESSOR_DEFINITIONS = (
					"DEBUG=1",
					"$(inherited)",
				);
				GCC_WARN_64_TO_32_BIT_CONVERSION = YES;
				GCC_WARN_ABOUT_RETURN_TYPE = YES_ERROR;
				GCC_WARN_UNDECLARED_SELECTOR = YES;
				GCC_WARN_UNINITIALIZED_AUTOS = YES_AGGRESSIVE;
				GCC_WARN_UNUSED_FUNCTION = YES;
				GCC_WARN_UNUSED_VARIABLE = YES;
				IPHONEOS_DEPLOYMENT_TARGET = 15.0;
				MTL_ENABLE_DEBUG_INFO = INCLUDE_SOURCE;
				MTL_FAST_MATH = YES;
				ONLY_ACTIVE_ARCH = YES;
				SDKROOT = iphoneos;
				SWIFT_ACTIVE_COMPILATION_CONDITIONS = DEBUG;
				SWIFT_OPTIMIZATION_LEVEL = "-Onone";
			};
			name = Debug;
		};
		CD4DEE5D266F39E4007B9624 /* Release */ = {
			isa = XCBuildConfiguration;
			buildSettings = {
				ALWAYS_SEARCH_USER_PATHS = NO;
				CLANG_ANALYZER_NONNULL = YES;
				CLANG_ANALYZER_NUMBER_OBJECT_CONVERSION = YES_AGGRESSIVE;
				CLANG_CXX_LANGUAGE_STANDARD = "gnu++14";
				CLANG_CXX_LIBRARY = "libc++";
				CLANG_ENABLE_MODULES = YES;
				CLANG_ENABLE_OBJC_ARC = YES;
				CLANG_ENABLE_OBJC_WEAK = YES;
				CLANG_WARN_BLOCK_CAPTURE_AUTORELEASING = YES;
				CLANG_WARN_BOOL_CONVERSION = YES;
				CLANG_WARN_COMMA = YES;
				CLANG_WARN_CONSTANT_CONVERSION = YES;
				CLANG_WARN_DEPRECATED_OBJC_IMPLEMENTATIONS = YES;
				CLANG_WARN_DIRECT_OBJC_ISA_USAGE = YES_ERROR;
				CLANG_WARN_DOCUMENTATION_COMMENTS = YES;
				CLANG_WARN_EMPTY_BODY = YES;
				CLANG_WARN_ENUM_CONVERSION = YES;
				CLANG_WARN_INFINITE_RECURSION = YES;
				CLANG_WARN_INT_CONVERSION = YES;
				CLANG_WARN_NON_LITERAL_NULL_CONVERSION = YES;
				CLANG_WARN_OBJC_IMPLICIT_RETAIN_SELF = YES;
				CLANG_WARN_OBJC_LITERAL_CONVERSION = YES;
				CLANG_WARN_OBJC_ROOT_CLASS = YES_ERROR;
				CLANG_WARN_QUOTED_INCLUDE_IN_FRAMEWORK_HEADER = YES;
				CLANG_WARN_RANGE_LOOP_ANALYSIS = YES;
				CLANG_WARN_STRICT_PROTOTYPES = YES;
				CLANG_WARN_SUSPICIOUS_MOVE = YES;
				CLANG_WARN_UNGUARDED_AVAILABILITY = YES_AGGRESSIVE;
				CLANG_WARN_UNREACHABLE_CODE = YES;
				CLANG_WARN__DUPLICATE_METHOD_MATCH = YES;
				COPY_PHASE_STRIP = NO;
				DEBUG_INFORMATION_FORMAT = "dwarf-with-dsym";
				ENABLE_NS_ASSERTIONS = NO;
				ENABLE_STRICT_OBJC_MSGSEND = YES;
				GCC_C_LANGUAGE_STANDARD = gnu11;
				GCC_NO_COMMON_BLOCKS = YES;
				GCC_WARN_64_TO_32_BIT_CONVERSION = YES;
				GCC_WARN_ABOUT_RETURN_TYPE = YES_ERROR;
				GCC_WARN_UNDECLARED_SELECTOR = YES;
				GCC_WARN_UNINITIALIZED_AUTOS = YES_AGGRESSIVE;
				GCC_WARN_UNUSED_FUNCTION = YES;
				GCC_WARN_UNUSED_VARIABLE = YES;
				IPHONEOS_DEPLOYMENT_TARGET = 15.0;
				MTL_ENABLE_DEBUG_INFO = NO;
				MTL_FAST_MATH = YES;
				SDKROOT = iphoneos;
				SWIFT_COMPILATION_MODE = wholemodule;
				SWIFT_OPTIMIZATION_LEVEL = "-O";
				VALIDATE_PRODUCT = YES;
			};
			name = Release;
		};
		CD4DEE5F266F39E4007B9624 /* Debug */ = {
			isa = XCBuildConfiguration;
			buildSettings = {
				ASSETCATALOG_COMPILER_APPICON_NAME = AppIcon;
				ASSETCATALOG_COMPILER_GLOBAL_ACCENT_COLOR_NAME = AccentColor;
				CODE_SIGN_STYLE = Automatic;
				CURRENT_PROJECT_VERSION = 1;
				DEVELOPMENT_ASSET_PATHS = "\"FirstApp/Preview Content\"";
				DEVELOPMENT_TEAM = 693P93E2N6;
				ENABLE_PREVIEWS = YES;
				GENERATE_INFOPLIST_FILE = YES;
				INFOPLIST_FILE = FirstApp/Info.plist;
				INFOPLIST_KEY_CFBundleExecutable = FirstApp;
				INFOPLIST_KEY_CFBundleName = FirstApp;
				INFOPLIST_KEY_CFBundleVersion = 1;
				INFOPLIST_KEY_UIApplicationSceneManifest_Generation = YES;
				INFOPLIST_KEY_UIApplicationSupportsIndirectInputEvents = YES;
				INFOPLIST_KEY_UILaunchScreen_Generation = YES;
				INFOPLIST_KEY_UISupportedInterfaceOrientations_iPad = "UIInterfaceOrientationPortrait UIInterfaceOrientationPortraitUpsideDown UIInterfaceOrientationLandscapeLeft UIInterfaceOrientationLandscapeRight";
				INFOPLIST_KEY_UISupportedInterfaceOrientations_iPhone = "UIInterfaceOrientationPortrait UIInterfaceOrientationLandscapeLeft UIInterfaceOrientationLandscapeRight";
				IPHONEOS_DEPLOYMENT_TARGET = 14.0;
				LD_RUNPATH_SEARCH_PATHS = (
					"$(inherited)",
					"@executable_path/Frameworks",
				);
				MARKETING_VERSION = 1.0;
				PRODUCT_BUNDLE_IDENTIFIER = com.trueddns.homenano.FirstApp;
				PRODUCT_NAME = "$(TARGET_NAME)";
				SWIFT_EMIT_LOC_STRINGS = YES;
				SWIFT_VERSION = 5.0;
				TARGETED_DEVICE_FAMILY = "1,2";
			};
			name = Debug;
		};
		CD4DEE60266F39E4007B9624 /* Release */ = {
			isa = XCBuildConfiguration;
			buildSettings = {
				ASSETCATALOG_COMPILER_APPICON_NAME = AppIcon;
				ASSETCATALOG_COMPILER_GLOBAL_ACCENT_COLOR_NAME = AccentColor;
				CODE_SIGN_STYLE = Automatic;
				CURRENT_PROJECT_VERSION = 1;
				DEVELOPMENT_ASSET_PATHS = "\"FirstApp/Preview Content\"";
				DEVELOPMENT_TEAM = 693P93E2N6;
				ENABLE_PREVIEWS = YES;
				GENERATE_INFOPLIST_FILE = YES;
				INFOPLIST_FILE = FirstApp/Info.plist;
				INFOPLIST_KEY_CFBundleExecutable = FirstApp;
				INFOPLIST_KEY_CFBundleName = FirstApp;
				INFOPLIST_KEY_CFBundleVersion = 1;
				INFOPLIST_KEY_UIApplicationSceneManifest_Generation = YES;
				INFOPLIST_KEY_UIApplicationSupportsIndirectInputEvents = YES;
				INFOPLIST_KEY_UILaunchScreen_Generation = YES;
				INFOPLIST_KEY_UISupportedInterfaceOrientations_iPad = "UIInterfaceOrientationPortrait UIInterfaceOrientationPortraitUpsideDown UIInterfaceOrientationLandscapeLeft UIInterfaceOrientationLandscapeRight";
				INFOPLIST_KEY_UISupportedInterfaceOrientations_iPhone = "UIInterfaceOrientationPortrait UIInterfaceOrientationLandscapeLeft UIInterfaceOrientationLandscapeRight";
				IPHONEOS_DEPLOYMENT_TARGET = 14.0;
				LD_RUNPATH_SEARCH_PATHS = (
					"$(inherited)",
					"@executable_path/Frameworks",
				);
				MARKETING_VERSION = 1.0;
				PRODUCT_BUNDLE_IDENTIFIER = com.trueddns.homenano.FirstApp;
				PRODUCT_NAME = "$(TARGET_NAME)";
				SWIFT_EMIT_LOC_STRINGS = YES;
				SWIFT_VERSION = 5.0;
				TARGETED_DEVICE_FAMILY = "1,2";
			};
			name = Release;
		};
/* End XCBuildConfiguration section */

/* Begin XCConfigurationList section */
		CD4DEE4B266F39E1007B9624 /* Build configuration list for PBXProject "FirstApp" */ = {
			isa = XCConfigurationList;
			buildConfigurations = (
				CD4DEE5C266F39E4007B9624 /* Debug */,
				CD4DEE5D266F39E4007B9624 /* Release */,
			);
			defaultConfigurationIsVisible = 0;
			defaultConfigurationName = Release;
		};
		CD4DEE5E266F39E4007B9624 /* Build configuration list for PBXNativeTarget "FirstApp" */ = {
			isa = XCConfigurationList;
			buildConfigurations = (
				CD4DEE5F266F39E4007B9624 /* Debug */,
				CD4DEE60266F39E4007B9624 /* Release */,
			);
			defaultConfigurationIsVisible = 0;
			defaultConfigurationName = Release;
		};
/* End XCConfigurationList section */
	};
	rootObject = CD4DEE48266F39E1007B9624 /* Project object */;
}
